{
  "name": "laura",
  "version": "1.0.0",
  "lockfileVersion": 1,
  "requires": true,
  "dependencies": {
    "@vant/weapp": {
      "version": "1.7.2",
      "resolved": "https://registry.npmjs.org/@vant/weapp/-/weapp-1.7.2.tgz",
      "integrity": "sha512-hI5tCJuzi1xDVpX8oP1GCBwpGHiu1+jA+9rMVggFwpF/6W6itk3Oggt3tT1nhN1WumcCwafnluBnqooOExFdDA=="
    },
    "fast-deep-equal": {
      "version": "2.0.1",
      "resolved": "https://registry.npmjs.org/fast-deep-equal/-/fast-deep-equal-2.0.1.tgz",
      "integrity": "sha1-ewUhjd+WZ79/Nwv3/bLLFf3Qqkk="
    },
    "miniprogram-computed": {
      "version": "2.2.0",
      "resolved": "https://registry.npmjs.org/miniprogram-computed/-/miniprogram-computed-2.2.0.tgz",
      "integrity": "sha512-UlPfPh5cvBnwb2jNXToUMxNkWAmi8a7hAjtJlwdA4XF5EbFI5Q5jI9mn1U8AAxbsUfnSf1Vmsc0LhkxGdKlRkg==",
      "requires": {
        "fast-deep-equal": "^2.0.1",
        "rfdc": "^1.1.4"
      }
    },
    "mobx-miniprogram": {
      "version": "4.13.2",
      "resolved": "https://registry.npmjs.org/mobx-miniprogram/-/mobx-miniprogram-4.13.2.tgz",
      "integrity": "sha512-C3HtkqHCLKp35N2gXA80yFD6PNfSqwioPFmnjTQpBLrEqYm1F6yiWZ57CW+8FqgmR306mw6ZfsM5q7hSTHw8BQ=="
    },
    "mobx-miniprogram-bindings": {
      "version": "1.2.1",
      "resolved": "https://registry.npmjs.org/mobx-miniprogram-bindings/-/mobx-miniprogram-bindings-1.2.1.tgz",
      "integrity": "sha512-OleJ0IIc4g8rC7ul0wtn+imapVQvWo/1UxZyvdMrfwcenmHBjY4Bddr90RoIwkM+Ul7nOxsYdsmOsB/mZ0PJmA=="
    },
    "rfdc": {
      "version": "1.3.0",
      "resolved": "https://registry.npmjs.org/rfdc/-/rfdc-1.3.0.tgz",
      "integrity": "sha512-V2hovdzFbOi77/WajaSMXk2OLm+xNIeQdMMuB7icj7bk6zi2F8GGAxigcnDFpJHbNyNcgyJDiP+8nOrY5cZGrA=="
    },
    "wx-jumbo": {
      "version": "1.2.9",
      "resolved": "https://registry.npmjs.org/wx-jumbo/-/wx-jumbo-1.2.9.tgz",
      "integrity": "sha512-c/rbcm3tbCSnuPZT3I/f6zG8/GD+BKmzHYWtUxVv1Ig9gTvbFOnb7hY+RDlwWGTLKsflsvBDBP8wi0LeAYGiqg==",
      "requires": {
        "miniprogram-computed": "^2.1.1",
        "mobx-miniprogram": "^4.13.2",
        "mobx-miniprogram-bindings": "^1.2.1"
      }
    }
  }
}
